
Microsoft Visual Studio Solution File, Format Version 12.00
# Visual Studio Version 16
VisualStudioVersion = 16.0.31129.286
MinimumVisualStudioVersion = 10.0.40219.1
Project("{FAE04EC0-301F-11D3-BF4B-00C04F79EFBC}") = "CS489HW7", "CS489HW7\CS489HW7.csproj", "{72622694-D71D-4CDA-B658-7ED6966C93A4}"
EndProject
Global
	GlobalSection(SolutionConfigurationPlatforms) = preSolution
		Debug|Any CPU = Debug|Any CPU
		Release|Any CPU = Release|Any CPU
	EndGlobalSection
	GlobalSection(ProjectConfigurationPlatforms) = postSolution
		{72622694-D71D-4CDA-B658-7ED6966C93A4}.Debug|Any CPU.ActiveCfg = Debug|Any CPU
		{72622694-D71D-4CDA-B658-7ED6966C93A4}.Debug|Any CPU.Build.0 = Debug|Any CPU
		{72622694-D71D-4CDA-B658-7ED6966C93A4}.Release|Any CPU.ActiveCfg = Release|Any CPU
		{72622694-D71D-4CDA-B658-7ED6966C93A4}.Release|Any CPU.Build.0 = Release|Any CPU
	EndGlobalSection
	GlobalSection(SolutionProperties) = preSolution
		HideSolutionNode = FALSE
	EndGlobalSection
	GlobalSection(ExtensibilityGlobals) = postSolution
		SolutionGuid = {5EE42324-352F-4D2D-95A6-6BF4E110242B}
	EndGlobalSection
EndGlobal
