
Microsoft Visual Studio Solution File, Format Version 12.00
# Visual Studio Version 16
VisualStudioVersion = 16.0.31129.286
MinimumVisualStudioVersion = 10.0.40219.1
Project("{FAE04EC0-301F-11D3-BF4B-00C04F79EFBC}") = "CS489HW7", "CS489HW7\CS489HW7.csproj", "{94007829-7D07-4239-82B6-F2EAA2A25368}"
EndProject
Global
	GlobalSection(SolutionConfigurationPlatforms) = preSolution
		Debug|Any CPU = Debug|Any CPU
		Release|Any CPU = Release|Any CPU
	EndGlobalSection
	GlobalSection(ProjectConfigurationPlatforms) = postSolution
		{94007829-7D07-4239-82B6-F2EAA2A25368}.Debug|Any CPU.ActiveCfg = Debug|Any CPU
		{94007829-7D07-4239-82B6-F2EAA2A25368}.Debug|Any CPU.Build.0 = Debug|Any CPU
		{94007829-7D07-4239-82B6-F2EAA2A25368}.Release|Any CPU.ActiveCfg = Release|Any CPU
		{94007829-7D07-4239-82B6-F2EAA2A25368}.Release|Any CPU.Build.0 = Release|Any CPU
	EndGlobalSection
	GlobalSection(SolutionProperties) = preSolution
		HideSolutionNode = FALSE
	EndGlobalSection
	GlobalSection(ExtensibilityGlobals) = postSolution
		SolutionGuid = {0CD6A18D-0524-4653-85F1-55E8268EE81A}
	EndGlobalSection
EndGlobal
